// !$*UTF8*$!
{
	archiveVersion = 1;
	classes = {
	};
	objectVersion = 56;
	objects = {

/* Begin PBXBuildFile section */
		AB27A4A52A710E0B00E8921E /* ManufacturerUUIDMap.swift in Sources */ = {isa = PBXBuildFile; fileRef = AB27A4A42A710E0B00E8921E /* ManufacturerUUIDMap.swift */; };
		AB27A4A72A720D9300E8921E /* AdvertiseUUIDManager.swift in Sources */ = {isa = PBXBuildFile; fileRef = AB27A4A62A720D9300E8921E /* AdvertiseUUIDManager.swift */; };
		AB27A4AA2A73B31A00E8921E /* BeaconViewController.swift in Sources */ = {isa = PBXBuildFile; fileRef = AB27A4A92A73B31A00E8921E /* BeaconViewController.swift */; };
		AB27A4AC2A775C6200E8921E /* UserStateModel.swift in Sources */ = {isa = PBXBuildFile; fileRef = AB27A4AB2A775C6200E8921E /* UserStateModel.swift */; };
		AB27A4AE2A775CD200E8921E /* KeyChainModel.swift in Sources */ = {isa = PBXBuildFile; fileRef = AB27A4AD2A775CD200E8921E /* KeyChainModel.swift */; };
		AB27A4B02A775DB600E8921E /* FirebaseAuthenticationModel.swift in Sources */ = {isa = PBXBuildFile; fileRef = AB27A4AF2A775DB600E8921E /* FirebaseAuthenticationModel.swift */; };
		AB27A4B22A77761C00E8921E /* PeripheralModel.swift in Sources */ = {isa = PBXBuildFile; fileRef = AB27A4B12A77761C00E8921E /* PeripheralModel.swift */; };
		AB27A4B42A77774F00E8921E /* AdvertiseUUIDModel.swift in Sources */ = {isa = PBXBuildFile; fileRef = AB27A4B32A77774F00E8921E /* AdvertiseUUIDModel.swift */; };
		AB6F48522A550DBC00DD6683 /* BeaconView.swift in Sources */ = {isa = PBXBuildFile; fileRef = AB6F48512A550DBC00DD6683 /* BeaconView.swift */; };
		AB6F48542A5555B000DD6683 /* FirebaseAuthController.swift in Sources */ = {isa = PBXBuildFile; fileRef = AB6F48532A5555B000DD6683 /* FirebaseAuthController.swift */; };
		AB6F48802A5CE29000DD6683 /* UserUtil.swift in Sources */ = {isa = PBXBuildFile; fileRef = AB6F487F2A5CE29000DD6683 /* UserUtil.swift */; };
		AB6F48822A5E546F00DD6683 /* TokenStorage.swift in Sources */ = {isa = PBXBuildFile; fileRef = AB6F48812A5E546F00DD6683 /* TokenStorage.swift */; };
		AB6F48842A5E8C5200DD6683 /* TestKeyChainView.swift in Sources */ = {isa = PBXBuildFile; fileRef = AB6F48832A5E8C5200DD6683 /* TestKeyChainView.swift */; };
		AB7CF3BB2A15BEE80008558A /* StayWatchBeaconiOSApp.swift in Sources */ = {isa = PBXBuildFile; fileRef = AB7CF3BA2A15BEE80008558A /* StayWatchBeaconiOSApp.swift */; };
		AB7CF3BD2A15BEE80008558A /* ContentView.swift in Sources */ = {isa = PBXBuildFile; fileRef = AB7CF3BC2A15BEE80008558A /* ContentView.swift */; };
		AB7CF3BF2A15BEE90008558A /* Assets.xcassets in Resources */ = {isa = PBXBuildFile; fileRef = AB7CF3BE2A15BEE90008558A /* Assets.xcassets */; };
		AB7CF3C22A15BEE90008558A /* Preview Assets.xcassets in Resources */ = {isa = PBXBuildFile; fileRef = AB7CF3C12A15BEE90008558A /* Preview Assets.xcassets */; };
		ABAB5C052A303B4F003F0CBB /* CentralManager.swift in Sources */ = {isa = PBXBuildFile; fileRef = ABAB5C042A303B4F003F0CBB /* CentralManager.swift */; };
		ABAB5C072A3040CB003F0CBB /* PeripheralManager.swift in Sources */ = {isa = PBXBuildFile; fileRef = ABAB5C062A3040CB003F0CBB /* PeripheralManager.swift */; };
		ABAB5C152A429AAF003F0CBB /* UserState.swift in Sources */ = {isa = PBXBuildFile; fileRef = ABAB5C142A429AAF003F0CBB /* UserState.swift */; };
		ABAB5C172A429D4D003F0CBB /* UserView.swift in Sources */ = {isa = PBXBuildFile; fileRef = ABAB5C162A429D4D003F0CBB /* UserView.swift */; };
		ABAB5C1B2A45E25F003F0CBB /* BleTestView.swift in Sources */ = {isa = PBXBuildFile; fileRef = ABAB5C1A2A45E25F003F0CBB /* BleTestView.swift */; };
		ABAB5C432A492BD4003F0CBB /* FirebaseAnalytics in Frameworks */ = {isa = PBXBuildFile; productRef = ABAB5C422A492BD4003F0CBB /* FirebaseAnalytics */; };
		ABAB5C452A492BD4003F0CBB /* FirebaseAnalyticsOnDeviceConversion in Frameworks */ = {isa = PBXBuildFile; productRef = ABAB5C442A492BD4003F0CBB /* FirebaseAnalyticsOnDeviceConversion */; };
		ABAB5C472A492BD4003F0CBB /* FirebaseAnalyticsSwift in Frameworks */ = {isa = PBXBuildFile; productRef = ABAB5C462A492BD4003F0CBB /* FirebaseAnalyticsSwift */; };
		ABAB5C492A492BD4003F0CBB /* FirebaseAnalyticsWithoutAdIdSupport in Frameworks */ = {isa = PBXBuildFile; productRef = ABAB5C482A492BD4003F0CBB /* FirebaseAnalyticsWithoutAdIdSupport */; };
		ABAB5C4B2A492BD4003F0CBB /* FirebaseAppCheck in Frameworks */ = {isa = PBXBuildFile; productRef = ABAB5C4A2A492BD4003F0CBB /* FirebaseAppCheck */; };
		ABAB5C4D2A492BD4003F0CBB /* FirebaseAppDistribution-Beta in Frameworks */ = {isa = PBXBuildFile; productRef = ABAB5C4C2A492BD4003F0CBB /* FirebaseAppDistribution-Beta */; };
		ABAB5C4F2A492BD4003F0CBB /* FirebaseAuth in Frameworks */ = {isa = PBXBuildFile; productRef = ABAB5C4E2A492BD4003F0CBB /* FirebaseAuth */; };
		ABAB5C512A492BD4003F0CBB /* FirebaseAuthCombine-Community in Frameworks */ = {isa = PBXBuildFile; productRef = ABAB5C502A492BD4003F0CBB /* FirebaseAuthCombine-Community */; };
		ABAB5C532A492BD4003F0CBB /* FirebaseCrashlytics in Frameworks */ = {isa = PBXBuildFile; productRef = ABAB5C522A492BD4003F0CBB /* FirebaseCrashlytics */; };
		ABAB5C552A492BD4003F0CBB /* FirebaseDatabase in Frameworks */ = {isa = PBXBuildFile; productRef = ABAB5C542A492BD4003F0CBB /* FirebaseDatabase */; };
		ABAB5C572A492BD4003F0CBB /* FirebaseDatabaseSwift in Frameworks */ = {isa = PBXBuildFile; productRef = ABAB5C562A492BD4003F0CBB /* FirebaseDatabaseSwift */; };
		ABAB5C592A492BD4003F0CBB /* FirebaseDynamicLinks in Frameworks */ = {isa = PBXBuildFile; productRef = ABAB5C582A492BD4003F0CBB /* FirebaseDynamicLinks */; };
		ABAB5C5B2A492BD4003F0CBB /* FirebaseFirestore in Frameworks */ = {isa = PBXBuildFile; productRef = ABAB5C5A2A492BD4003F0CBB /* FirebaseFirestore */; };
		ABAB5C5D2A492BD4003F0CBB /* FirebaseFirestoreCombine-Community in Frameworks */ = {isa = PBXBuildFile; productRef = ABAB5C5C2A492BD4003F0CBB /* FirebaseFirestoreCombine-Community */; };
		ABAB5C5F2A492BD4003F0CBB /* FirebaseFirestoreSwift in Frameworks */ = {isa = PBXBuildFile; productRef = ABAB5C5E2A492BD4003F0CBB /* FirebaseFirestoreSwift */; };
		ABAB5C612A492BD4003F0CBB /* FirebaseFunctions in Frameworks */ = {isa = PBXBuildFile; productRef = ABAB5C602A492BD4003F0CBB /* FirebaseFunctions */; };
		ABAB5C632A492BD4003F0CBB /* FirebaseFunctionsCombine-Community in Frameworks */ = {isa = PBXBuildFile; productRef = ABAB5C622A492BD4003F0CBB /* FirebaseFunctionsCombine-Community */; };
		ABAB5C652A492BD4003F0CBB /* FirebaseInAppMessaging-Beta in Frameworks */ = {isa = PBXBuildFile; productRef = ABAB5C642A492BD4003F0CBB /* FirebaseInAppMessaging-Beta */; };
		ABAB5C672A492BD4003F0CBB /* FirebaseInAppMessagingSwift-Beta in Frameworks */ = {isa = PBXBuildFile; productRef = ABAB5C662A492BD4003F0CBB /* FirebaseInAppMessagingSwift-Beta */; };
		ABAB5C692A492BD4003F0CBB /* FirebaseInstallations in Frameworks */ = {isa = PBXBuildFile; productRef = ABAB5C682A492BD4003F0CBB /* FirebaseInstallations */; };
		ABAB5C6B2A492BD4003F0CBB /* FirebaseMLModelDownloader in Frameworks */ = {isa = PBXBuildFile; productRef = ABAB5C6A2A492BD4003F0CBB /* FirebaseMLModelDownloader */; };
		ABAB5C6D2A492BD4003F0CBB /* FirebaseMessaging in Frameworks */ = {isa = PBXBuildFile; productRef = ABAB5C6C2A492BD4003F0CBB /* FirebaseMessaging */; };
		ABAB5C6F2A492BD4003F0CBB /* FirebasePerformance in Frameworks */ = {isa = PBXBuildFile; productRef = ABAB5C6E2A492BD4003F0CBB /* FirebasePerformance */; };
		ABAB5C712A492BD4003F0CBB /* FirebaseRemoteConfig in Frameworks */ = {isa = PBXBuildFile; productRef = ABAB5C702A492BD4003F0CBB /* FirebaseRemoteConfig */; };
		ABAB5C732A492BD4003F0CBB /* FirebaseRemoteConfigSwift in Frameworks */ = {isa = PBXBuildFile; productRef = ABAB5C722A492BD4003F0CBB /* FirebaseRemoteConfigSwift */; };
		ABAB5C752A492BD4003F0CBB /* FirebaseStorage in Frameworks */ = {isa = PBXBuildFile; productRef = ABAB5C742A492BD4003F0CBB /* FirebaseStorage */; };
		ABAB5C772A492BD4003F0CBB /* FirebaseStorageCombine-Community in Frameworks */ = {isa = PBXBuildFile; productRef = ABAB5C762A492BD4003F0CBB /* FirebaseStorageCombine-Community */; };
		ABAB5C7A2A492D6D003F0CBB /* GoogleSignIn in Frameworks */ = {isa = PBXBuildFile; productRef = ABAB5C792A492D6D003F0CBB /* GoogleSignIn */; };
		ABAB5C7C2A492D6D003F0CBB /* GoogleSignInSwift in Frameworks */ = {isa = PBXBuildFile; productRef = ABAB5C7B2A492D6D003F0CBB /* GoogleSignInSwift */; };
		ABAB5C7E2A49523B003F0CBB /* GoogleService-Info.plist in Resources */ = {isa = PBXBuildFile; fileRef = ABAB5C7D2A49523B003F0CBB /* GoogleService-Info.plist */; };
		ABAB5C8B2A4D2ECE003F0CBB /* Alamofire in Frameworks */ = {isa = PBXBuildFile; productRef = ABAB5C8A2A4D2ECE003F0CBB /* Alamofire */; };
/* End PBXBuildFile section */

/* Begin PBXFileReference section */
		AB27A4A42A710E0B00E8921E /* ManufacturerUUIDMap.swift */ = {isa = PBXFileReference; lastKnownFileType = sourcecode.swift; path = ManufacturerUUIDMap.swift; sourceTree = "<group>"; };
		AB27A4A62A720D9300E8921E /* AdvertiseUUIDManager.swift */ = {isa = PBXFileReference; lastKnownFileType = sourcecode.swift; path = AdvertiseUUIDManager.swift; sourceTree = "<group>"; };
		AB27A4A92A73B31A00E8921E /* BeaconViewController.swift */ = {isa = PBXFileReference; lastKnownFileType = sourcecode.swift; path = BeaconViewController.swift; sourceTree = "<group>"; };
		AB27A4AB2A775C6200E8921E /* UserStateModel.swift */ = {isa = PBXFileReference; lastKnownFileType = sourcecode.swift; path = UserStateModel.swift; sourceTree = "<group>"; };
		AB27A4AD2A775CD200E8921E /* KeyChainModel.swift */ = {isa = PBXFileReference; lastKnownFileType = sourcecode.swift; path = KeyChainModel.swift; sourceTree = "<group>"; };
		AB27A4AF2A775DB600E8921E /* FirebaseAuthenticationModel.swift */ = {isa = PBXFileReference; lastKnownFileType = sourcecode.swift; path = FirebaseAuthenticationModel.swift; sourceTree = "<group>"; };
		AB27A4B12A77761C00E8921E /* PeripheralModel.swift */ = {isa = PBXFileReference; lastKnownFileType = sourcecode.swift; path = PeripheralModel.swift; sourceTree = "<group>"; };
		AB27A4B32A77774F00E8921E /* AdvertiseUUIDModel.swift */ = {isa = PBXFileReference; lastKnownFileType = sourcecode.swift; path = AdvertiseUUIDModel.swift; sourceTree = "<group>"; };
		AB42A22E2A249CEE00C9D46F /* Info.plist */ = {isa = PBXFileReference; lastKnownFileType = text.plist; path = Info.plist; sourceTree = "<group>"; };
		AB6F48512A550DBC00DD6683 /* BeaconView.swift */ = {isa = PBXFileReference; lastKnownFileType = sourcecode.swift; path = BeaconView.swift; sourceTree = "<group>"; };
		AB6F48532A5555B000DD6683 /* FirebaseAuthController.swift */ = {isa = PBXFileReference; lastKnownFileType = sourcecode.swift; path = FirebaseAuthController.swift; sourceTree = "<group>"; };
		AB6F487F2A5CE29000DD6683 /* UserUtil.swift */ = {isa = PBXFileReference; lastKnownFileType = sourcecode.swift; path = UserUtil.swift; sourceTree = "<group>"; };
		AB6F48812A5E546F00DD6683 /* TokenStorage.swift */ = {isa = PBXFileReference; lastKnownFileType = sourcecode.swift; path = TokenStorage.swift; sourceTree = "<group>"; };
		AB6F48832A5E8C5200DD6683 /* TestKeyChainView.swift */ = {isa = PBXFileReference; lastKnownFileType = sourcecode.swift; path = TestKeyChainView.swift; sourceTree = "<group>"; };
		AB7CF3B72A15BEE80008558A /* StayWatchBeaconiOS.app */ = {isa = PBXFileReference; explicitFileType = wrapper.application; includeInIndex = 0; path = StayWatchBeaconiOS.app; sourceTree = BUILT_PRODUCTS_DIR; };
		AB7CF3BA2A15BEE80008558A /* StayWatchBeaconiOSApp.swift */ = {isa = PBXFileReference; lastKnownFileType = sourcecode.swift; path = StayWatchBeaconiOSApp.swift; sourceTree = "<group>"; };
		AB7CF3BC2A15BEE80008558A /* ContentView.swift */ = {isa = PBXFileReference; lastKnownFileType = sourcecode.swift; path = ContentView.swift; sourceTree = "<group>"; };
		AB7CF3BE2A15BEE90008558A /* Assets.xcassets */ = {isa = PBXFileReference; lastKnownFileType = folder.assetcatalog; path = Assets.xcassets; sourceTree = "<group>"; };
		AB7CF3C12A15BEE90008558A /* Preview Assets.xcassets */ = {isa = PBXFileReference; lastKnownFileType = folder.assetcatalog; path = "Preview Assets.xcassets"; sourceTree = "<group>"; };
		ABAB5C042A303B4F003F0CBB /* CentralManager.swift */ = {isa = PBXFileReference; lastKnownFileType = sourcecode.swift; path = CentralManager.swift; sourceTree = "<group>"; };
		ABAB5C062A3040CB003F0CBB /* PeripheralManager.swift */ = {isa = PBXFileReference; lastKnownFileType = sourcecode.swift; path = PeripheralManager.swift; sourceTree = "<group>"; };
		ABAB5C142A429AAF003F0CBB /* UserState.swift */ = {isa = PBXFileReference; lastKnownFileType = sourcecode.swift; path = UserState.swift; sourceTree = "<group>"; };
		ABAB5C162A429D4D003F0CBB /* UserView.swift */ = {isa = PBXFileReference; lastKnownFileType = sourcecode.swift; path = UserView.swift; sourceTree = "<group>"; };
		ABAB5C1A2A45E25F003F0CBB /* BleTestView.swift */ = {isa = PBXFileReference; lastKnownFileType = sourcecode.swift; path = BleTestView.swift; sourceTree = "<group>"; };
		ABAB5C7D2A49523B003F0CBB /* GoogleService-Info.plist */ = {isa = PBXFileReference; fileEncoding = 4; lastKnownFileType = text.plist.xml; name = "GoogleService-Info.plist"; path = "../../../GoogleService-Info.plist"; sourceTree = "<group>"; };
/* End PBXFileReference section */

/* Begin PBXFrameworksBuildPhase section */
		AB7CF3B42A15BEE80008558A /* Frameworks */ = {
			isa = PBXFrameworksBuildPhase;
			buildActionMask = 2147483647;
			files = (
				ABAB5C552A492BD4003F0CBB /* FirebaseDatabase in Frameworks */,
				ABAB5C632A492BD4003F0CBB /* FirebaseFunctionsCombine-Community in Frameworks */,
				ABAB5C5B2A492BD4003F0CBB /* FirebaseFirestore in Frameworks */,
				ABAB5C472A492BD4003F0CBB /* FirebaseAnalyticsSwift in Frameworks */,
				ABAB5C432A492BD4003F0CBB /* FirebaseAnalytics in Frameworks */,
				ABAB5C452A492BD4003F0CBB /* FirebaseAnalyticsOnDeviceConversion in Frameworks */,
				ABAB5C6B2A492BD4003F0CBB /* FirebaseMLModelDownloader in Frameworks */,
				ABAB5C7C2A492D6D003F0CBB /* GoogleSignInSwift in Frameworks */,
				ABAB5C5F2A492BD4003F0CBB /* FirebaseFirestoreSwift in Frameworks */,
				ABAB5C4B2A492BD4003F0CBB /* FirebaseAppCheck in Frameworks */,
				ABAB5C492A492BD4003F0CBB /* FirebaseAnalyticsWithoutAdIdSupport in Frameworks */,
				ABAB5C4F2A492BD4003F0CBB /* FirebaseAuth in Frameworks */,
				ABAB5C532A492BD4003F0CBB /* FirebaseCrashlytics in Frameworks */,
				ABAB5C732A492BD4003F0CBB /* FirebaseRemoteConfigSwift in Frameworks */,
				ABAB5C7A2A492D6D003F0CBB /* GoogleSignIn in Frameworks */,
				ABAB5C8B2A4D2ECE003F0CBB /* Alamofire in Frameworks */,
				ABAB5C652A492BD4003F0CBB /* FirebaseInAppMessaging-Beta in Frameworks */,
				ABAB5C572A492BD4003F0CBB /* FirebaseDatabaseSwift in Frameworks */,
				ABAB5C612A492BD4003F0CBB /* FirebaseFunctions in Frameworks */,
				ABAB5C772A492BD4003F0CBB /* FirebaseStorageCombine-Community in Frameworks */,
				ABAB5C712A492BD4003F0CBB /* FirebaseRemoteConfig in Frameworks */,
				ABAB5C4D2A492BD4003F0CBB /* FirebaseAppDistribution-Beta in Frameworks */,
				ABAB5C512A492BD4003F0CBB /* FirebaseAuthCombine-Community in Frameworks */,
				ABAB5C6F2A492BD4003F0CBB /* FirebasePerformance in Frameworks */,
				ABAB5C672A492BD4003F0CBB /* FirebaseInAppMessagingSwift-Beta in Frameworks */,
				ABAB5C752A492BD4003F0CBB /* FirebaseStorage in Frameworks */,
				ABAB5C592A492BD4003F0CBB /* FirebaseDynamicLinks in Frameworks */,
				ABAB5C5D2A492BD4003F0CBB /* FirebaseFirestoreCombine-Community in Frameworks */,
				ABAB5C6D2A492BD4003F0CBB /* FirebaseMessaging in Frameworks */,
				ABAB5C692A492BD4003F0CBB /* FirebaseInstallations in Frameworks */,
			);
			runOnlyForDeploymentPostprocessing = 0;
		};
/* End PBXFrameworksBuildPhase section */

/* Begin PBXGroup section */
		AB27A4A82A73B2FA00E8921E /* ViewController */ = {
			isa = PBXGroup;
			children = (
				AB27A4A92A73B31A00E8921E /* BeaconViewController.swift */,
			);
			path = ViewController;
			sourceTree = "<group>";
		};
		AB6F487E2A5CE25700DD6683 /* Utils */ = {
			isa = PBXGroup;
			children = (
				AB6F487F2A5CE29000DD6683 /* UserUtil.swift */,
				AB6F48812A5E546F00DD6683 /* TokenStorage.swift */,
				AB27A4A42A710E0B00E8921E /* ManufacturerUUIDMap.swift */,
			);
			path = Utils;
			sourceTree = "<group>";
		};
		AB7CF3AE2A15BEE80008558A = {
			isa = PBXGroup;
			children = (
				AB7CF3B92A15BEE80008558A /* StayWatchBeaconiOS */,
				AB7CF3B82A15BEE80008558A /* Products */,
			);
			sourceTree = "<group>";
		};
		AB7CF3B82A15BEE80008558A /* Products */ = {
			isa = PBXGroup;
			children = (
				AB7CF3B72A15BEE80008558A /* StayWatchBeaconiOS.app */,
			);
			name = Products;
			sourceTree = "<group>";
		};
		AB7CF3B92A15BEE80008558A /* StayWatchBeaconiOS */ = {
			isa = PBXGroup;
			children = (
				AB27A4A82A73B2FA00E8921E /* ViewController */,
				AB6F487E2A5CE25700DD6683 /* Utils */,
				ABAB5C7D2A49523B003F0CBB /* GoogleService-Info.plist */,
				ABAB5C132A429A99003F0CBB /* Models */,
				ABAB5C032A3039D0003F0CBB /* Views */,
				ABAB5C022A3039BB003F0CBB /* Controllers */,
				AB42A22E2A249CEE00C9D46F /* Info.plist */,
				AB7CF3BA2A15BEE80008558A /* StayWatchBeaconiOSApp.swift */,
				AB7CF3BE2A15BEE90008558A /* Assets.xcassets */,
				AB7CF3C02A15BEE90008558A /* Preview Content */,
			);
			path = StayWatchBeaconiOS;
			sourceTree = "<group>";
		};
		AB7CF3C02A15BEE90008558A /* Preview Content */ = {
			isa = PBXGroup;
			children = (
				AB7CF3C12A15BEE90008558A /* Preview Assets.xcassets */,
			);
			path = "Preview Content";
			sourceTree = "<group>";
		};
		ABAB5C022A3039BB003F0CBB /* Controllers */ = {
			isa = PBXGroup;
			children = (
				ABAB5C042A303B4F003F0CBB /* CentralManager.swift */,
				ABAB5C062A3040CB003F0CBB /* PeripheralManager.swift */,
				AB6F48532A5555B000DD6683 /* FirebaseAuthController.swift */,
				AB27A4A62A720D9300E8921E /* AdvertiseUUIDManager.swift */,
			);
			path = Controllers;
			sourceTree = "<group>";
		};
		ABAB5C032A3039D0003F0CBB /* Views */ = {
			isa = PBXGroup;
			children = (
				AB7CF3BC2A15BEE80008558A /* ContentView.swift */,
				ABAB5C162A429D4D003F0CBB /* UserView.swift */,
				ABAB5C1A2A45E25F003F0CBB /* BleTestView.swift */,
				AB6F48512A550DBC00DD6683 /* BeaconView.swift */,
				AB6F48832A5E8C5200DD6683 /* TestKeyChainView.swift */,
			);
			path = Views;
			sourceTree = "<group>";
		};
		ABAB5C132A429A99003F0CBB /* Models */ = {
			isa = PBXGroup;
			children = (
				ABAB5C142A429AAF003F0CBB /* UserState.swift */,
				AB27A4AB2A775C6200E8921E /* UserStateModel.swift */,
				AB27A4AD2A775CD200E8921E /* KeyChainModel.swift */,
				AB27A4AF2A775DB600E8921E /* FirebaseAuthenticationModel.swift */,
				AB27A4B12A77761C00E8921E /* PeripheralModel.swift */,
				AB27A4B32A77774F00E8921E /* AdvertiseUUIDModel.swift */,
			);
			path = Models;
			sourceTree = "<group>";
		};
/* End PBXGroup section */

/* Begin PBXNativeTarget section */
		AB7CF3B62A15BEE80008558A /* StayWatchBeaconiOS */ = {
			isa = PBXNativeTarget;
			buildConfigurationList = AB7CF3C52A15BEE90008558A /* Build configuration list for PBXNativeTarget "StayWatchBeaconiOS" */;
			buildPhases = (
				AB7CF3B32A15BEE80008558A /* Sources */,
				AB7CF3B42A15BEE80008558A /* Frameworks */,
				AB7CF3B52A15BEE80008558A /* Resources */,
			);
			buildRules = (
			);
			dependencies = (
			);
			name = StayWatchBeaconiOS;
			packageProductDependencies = (
				ABAB5C422A492BD4003F0CBB /* FirebaseAnalytics */,
				ABAB5C442A492BD4003F0CBB /* FirebaseAnalyticsOnDeviceConversion */,
				ABAB5C462A492BD4003F0CBB /* FirebaseAnalyticsSwift */,
				ABAB5C482A492BD4003F0CBB /* FirebaseAnalyticsWithoutAdIdSupport */,
				ABAB5C4A2A492BD4003F0CBB /* FirebaseAppCheck */,
				ABAB5C4C2A492BD4003F0CBB /* FirebaseAppDistribution-Beta */,
				ABAB5C4E2A492BD4003F0CBB /* FirebaseAuth */,
				ABAB5C502A492BD4003F0CBB /* FirebaseAuthCombine-Community */,
				ABAB5C522A492BD4003F0CBB /* FirebaseCrashlytics */,
				ABAB5C542A492BD4003F0CBB /* FirebaseDatabase */,
				ABAB5C562A492BD4003F0CBB /* FirebaseDatabaseSwift */,
				ABAB5C582A492BD4003F0CBB /* FirebaseDynamicLinks */,
				ABAB5C5A2A492BD4003F0CBB /* FirebaseFirestore */,
				ABAB5C5C2A492BD4003F0CBB /* FirebaseFirestoreCombine-Community */,
				ABAB5C5E2A492BD4003F0CBB /* FirebaseFirestoreSwift */,
				ABAB5C602A492BD4003F0CBB /* FirebaseFunctions */,
				ABAB5C622A492BD4003F0CBB /* FirebaseFunctionsCombine-Community */,
				ABAB5C642A492BD4003F0CBB /* FirebaseInAppMessaging-Beta */,
				ABAB5C662A492BD4003F0CBB /* FirebaseInAppMessagingSwift-Beta */,
				ABAB5C682A492BD4003F0CBB /* FirebaseInstallations */,
				ABAB5C6A2A492BD4003F0CBB /* FirebaseMLModelDownloader */,
				ABAB5C6C2A492BD4003F0CBB /* FirebaseMessaging */,
				ABAB5C6E2A492BD4003F0CBB /* FirebasePerformance */,
				ABAB5C702A492BD4003F0CBB /* FirebaseRemoteConfig */,
				ABAB5C722A492BD4003F0CBB /* FirebaseRemoteConfigSwift */,
				ABAB5C742A492BD4003F0CBB /* FirebaseStorage */,
				ABAB5C762A492BD4003F0CBB /* FirebaseStorageCombine-Community */,
				ABAB5C792A492D6D003F0CBB /* GoogleSignIn */,
				ABAB5C7B2A492D6D003F0CBB /* GoogleSignInSwift */,
				ABAB5C8A2A4D2ECE003F0CBB /* Alamofire */,
			);
			productName = StayWatchBeaconiOS;
			productReference = AB7CF3B72A15BEE80008558A /* StayWatchBeaconiOS.app */;
			productType = "com.apple.product-type.application";
		};
/* End PBXNativeTarget section */

/* Begin PBXProject section */
		AB7CF3AF2A15BEE80008558A /* Project object */ = {
			isa = PBXProject;
			attributes = {
				BuildIndependentTargetsInParallel = 1;
				LastSwiftUpdateCheck = 1430;
				LastUpgradeCheck = 1430;
				TargetAttributes = {
					AB7CF3B62A15BEE80008558A = {
						CreatedOnToolsVersion = 14.3;
					};
				};
			};
			buildConfigurationList = AB7CF3B22A15BEE80008558A /* Build configuration list for PBXProject "StayWatchBeaconiOS" */;
			compatibilityVersion = "Xcode 14.0";
			developmentRegion = en;
			hasScannedForEncodings = 0;
			knownRegions = (
				en,
				Base,
			);
			mainGroup = AB7CF3AE2A15BEE80008558A;
			packageReferences = (
				ABAB5C412A492BD4003F0CBB /* XCRemoteSwiftPackageReference "firebase-ios-sdk" */,
				ABAB5C782A492D6D003F0CBB /* XCRemoteSwiftPackageReference "GoogleSignIn-iOS" */,
				ABAB5C892A4D2ECE003F0CBB /* XCRemoteSwiftPackageReference "Alamofire" */,
			);
			productRefGroup = AB7CF3B82A15BEE80008558A /* Products */;
			projectDirPath = "";
			projectRoot = "";
			targets = (
				AB7CF3B62A15BEE80008558A /* StayWatchBeaconiOS */,
			);
		};
/* End PBXProject section */

/* Begin PBXResourcesBuildPhase section */
		AB7CF3B52A15BEE80008558A /* Resources */ = {
			isa = PBXResourcesBuildPhase;
			buildActionMask = 2147483647;
			files = (
				AB7CF3C22A15BEE90008558A /* Preview Assets.xcassets in Resources */,
				AB7CF3BF2A15BEE90008558A /* Assets.xcassets in Resources */,
				ABAB5C7E2A49523B003F0CBB /* GoogleService-Info.plist in Resources */,
			);
			runOnlyForDeploymentPostprocessing = 0;
		};
/* End PBXResourcesBuildPhase section */

/* Begin PBXSourcesBuildPhase section */
		AB7CF3B32A15BEE80008558A /* Sources */ = {
			isa = PBXSourcesBuildPhase;
			buildActionMask = 2147483647;
			files = (
				AB27A4AC2A775C6200E8921E /* UserStateModel.swift in Sources */,
				AB7CF3BD2A15BEE80008558A /* ContentView.swift in Sources */,
				AB27A4B42A77774F00E8921E /* AdvertiseUUIDModel.swift in Sources */,
				AB27A4B02A775DB600E8921E /* FirebaseAuthenticationModel.swift in Sources */,
				AB27A4AA2A73B31A00E8921E /* BeaconViewController.swift in Sources */,
				ABAB5C152A429AAF003F0CBB /* UserState.swift in Sources */,
				AB27A4A72A720D9300E8921E /* AdvertiseUUIDManager.swift in Sources */,
				AB27A4AE2A775CD200E8921E /* KeyChainModel.swift in Sources */,
				AB6F48542A5555B000DD6683 /* FirebaseAuthController.swift in Sources */,
				ABAB5C072A3040CB003F0CBB /* PeripheralManager.swift in Sources */,
				AB7CF3BB2A15BEE80008558A /* StayWatchBeaconiOSApp.swift in Sources */,
				AB6F48822A5E546F00DD6683 /* TokenStorage.swift in Sources */,
				ABAB5C052A303B4F003F0CBB /* CentralManager.swift in Sources */,
				AB27A4A52A710E0B00E8921E /* ManufacturerUUIDMap.swift in Sources */,
				ABAB5C1B2A45E25F003F0CBB /* BleTestView.swift in Sources */,
				AB27A4B22A77761C00E8921E /* PeripheralModel.swift in Sources */,
				AB6F48842A5E8C5200DD6683 /* TestKeyChainView.swift in Sources */,
				ABAB5C172A429D4D003F0CBB /* UserView.swift in Sources */,
				AB6F48802A5CE29000DD6683 /* UserUtil.swift in Sources */,
				AB6F48522A550DBC00DD6683 /* BeaconView.swift in Sources */,
			);
			runOnlyForDeploymentPostprocessing = 0;
		};
/* End PBXSourcesBuildPhase section */

/* Begin XCBuildConfiguration section */
		AB7CF3C32A15BEE90008558A /* Debug */ = {
			isa = XCBuildConfiguration;
			buildSettings = {
				ALWAYS_SEARCH_USER_PATHS = NO;
				CLANG_ANALYZER_NONNULL = YES;
				CLANG_ANALYZER_NUMBER_OBJECT_CONVERSION = YES_AGGRESSIVE;
				CLANG_CXX_LANGUAGE_STANDARD = "gnu++20";
				CLANG_ENABLE_MODULES = YES;
				CLANG_ENABLE_OBJC_ARC = YES;
				CLANG_ENABLE_OBJC_WEAK = YES;
				CLANG_WARN_BLOCK_CAPTURE_AUTORELEASING = YES;
				CLANG_WARN_BOOL_CONVERSION = YES;
				CLANG_WARN_COMMA = YES;
				CLANG_WARN_CONSTANT_CONVERSION = YES;
				CLANG_WARN_DEPRECATED_OBJC_IMPLEMENTATIONS = YES;
				CLANG_WARN_DIRECT_OBJC_ISA_USAGE = YES_ERROR;
				CLANG_WARN_DOCUMENTATION_COMMENTS = YES;
				CLANG_WARN_EMPTY_BODY = YES;
				CLANG_WARN_ENUM_CONVERSION = YES;
				CLANG_WARN_INFINITE_RECURSION = YES;
				CLANG_WARN_INT_CONVERSION = YES;
				CLANG_WARN_NON_LITERAL_NULL_CONVERSION = YES;
				CLANG_WARN_OBJC_IMPLICIT_RETAIN_SELF = YES;
				CLANG_WARN_OBJC_LITERAL_CONVERSION = YES;
				CLANG_WARN_OBJC_ROOT_CLASS = YES_ERROR;
				CLANG_WARN_QUOTED_INCLUDE_IN_FRAMEWORK_HEADER = YES;
				CLANG_WARN_RANGE_LOOP_ANALYSIS = YES;
				CLANG_WARN_STRICT_PROTOTYPES = YES;
				CLANG_WARN_SUSPICIOUS_MOVE = YES;
				CLANG_WARN_UNGUARDED_AVAILABILITY = YES_AGGRESSIVE;
				CLANG_WARN_UNREACHABLE_CODE = YES;
				CLANG_WARN__DUPLICATE_METHOD_MATCH = YES;
				COPY_PHASE_STRIP = NO;
				DEBUG_INFORMATION_FORMAT = dwarf;
				ENABLE_STRICT_OBJC_MSGSEND = YES;
				ENABLE_TESTABILITY = YES;
				GCC_C_LANGUAGE_STANDARD = gnu11;
				GCC_DYNAMIC_NO_PIC = NO;
				GCC_NO_COMMON_BLOCKS = YES;
				GCC_OPTIMIZATION_LEVEL = 0;
				GCC_PREPROCESSOR_DEFINITIONS = (
					"DEBUG=1",
					"$(inherited)",
				);
				GCC_WARN_64_TO_32_BIT_CONVERSION = YES;
				GCC_WARN_ABOUT_RETURN_TYPE = YES_ERROR;
				GCC_WARN_UNDECLARED_SELECTOR = YES;
				GCC_WARN_UNINITIALIZED_AUTOS = YES_AGGRESSIVE;
				GCC_WARN_UNUSED_FUNCTION = YES;
				GCC_WARN_UNUSED_VARIABLE = YES;
				IPHONEOS_DEPLOYMENT_TARGET = 16.4;
				MTL_ENABLE_DEBUG_INFO = INCLUDE_SOURCE;
				MTL_FAST_MATH = YES;
				ONLY_ACTIVE_ARCH = YES;
				SDKROOT = iphoneos;
				SWIFT_ACTIVE_COMPILATION_CONDITIONS = DEBUG;
				SWIFT_OPTIMIZATION_LEVEL = "-Onone";
			};
			name = Debug;
		};
		AB7CF3C42A15BEE90008558A /* Release */ = {
			isa = XCBuildConfiguration;
			buildSettings = {
				ALWAYS_SEARCH_USER_PATHS = NO;
				CLANG_ANALYZER_NONNULL = YES;
				CLANG_ANALYZER_NUMBER_OBJECT_CONVERSION = YES_AGGRESSIVE;
				CLANG_CXX_LANGUAGE_STANDARD = "gnu++20";
				CLANG_ENABLE_MODULES = YES;
				CLANG_ENABLE_OBJC_ARC = YES;
				CLANG_ENABLE_OBJC_WEAK = YES;
				CLANG_WARN_BLOCK_CAPTURE_AUTORELEASING = YES;
				CLANG_WARN_BOOL_CONVERSION = YES;
				CLANG_WARN_COMMA = YES;
				CLANG_WARN_CONSTANT_CONVERSION = YES;
				CLANG_WARN_DEPRECATED_OBJC_IMPLEMENTATIONS = YES;
				CLANG_WARN_DIRECT_OBJC_ISA_USAGE = YES_ERROR;
				CLANG_WARN_DOCUMENTATION_COMMENTS = YES;
				CLANG_WARN_EMPTY_BODY = YES;
				CLANG_WARN_ENUM_CONVERSION = YES;
				CLANG_WARN_INFINITE_RECURSION = YES;
				CLANG_WARN_INT_CONVERSION = YES;
				CLANG_WARN_NON_LITERAL_NULL_CONVERSION = YES;
				CLANG_WARN_OBJC_IMPLICIT_RETAIN_SELF = YES;
				CLANG_WARN_OBJC_LITERAL_CONVERSION = YES;
				CLANG_WARN_OBJC_ROOT_CLASS = YES_ERROR;
				CLANG_WARN_QUOTED_INCLUDE_IN_FRAMEWORK_HEADER = YES;
				CLANG_WARN_RANGE_LOOP_ANALYSIS = YES;
				CLANG_WARN_STRICT_PROTOTYPES = YES;
				CLANG_WARN_SUSPICIOUS_MOVE = YES;
				CLANG_WARN_UNGUARDED_AVAILABILITY = YES_AGGRESSIVE;
				CLANG_WARN_UNREACHABLE_CODE = YES;
				CLANG_WARN__DUPLICATE_METHOD_MATCH = YES;
				COPY_PHASE_STRIP = NO;
				DEBUG_INFORMATION_FORMAT = "dwarf-with-dsym";
				ENABLE_NS_ASSERTIONS = NO;
				ENABLE_STRICT_OBJC_MSGSEND = YES;
				GCC_C_LANGUAGE_STANDARD = gnu11;
				GCC_NO_COMMON_BLOCKS = YES;
				GCC_WARN_64_TO_32_BIT_CONVERSION = YES;
				GCC_WARN_ABOUT_RETURN_TYPE = YES_ERROR;
				GCC_WARN_UNDECLARED_SELECTOR = YES;
				GCC_WARN_UNINITIALIZED_AUTOS = YES_AGGRESSIVE;
				GCC_WARN_UNUSED_FUNCTION = YES;
				GCC_WARN_UNUSED_VARIABLE = YES;
				IPHONEOS_DEPLOYMENT_TARGET = 16.4;
				MTL_ENABLE_DEBUG_INFO = NO;
				MTL_FAST_MATH = YES;
				SDKROOT = iphoneos;
				SWIFT_COMPILATION_MODE = wholemodule;
				SWIFT_OPTIMIZATION_LEVEL = "-O";
				VALIDATE_PRODUCT = YES;
			};
			name = Release;
		};
		AB7CF3C62A15BEE90008558A /* Debug */ = {
			isa = XCBuildConfiguration;
			buildSettings = {
				ASSETCATALOG_COMPILER_APPICON_NAME = AppIcon;
				ASSETCATALOG_COMPILER_GLOBAL_ACCENT_COLOR_NAME = AccentColor;
				CODE_SIGN_STYLE = Automatic;
				CURRENT_PROJECT_VERSION = 1;
				DEVELOPMENT_ASSET_PATHS = "\"StayWatchBeaconiOS/Preview Content\"";
				DEVELOPMENT_TEAM = 4YXXUVDDGW;
				ENABLE_PREVIEWS = YES;
				GENERATE_INFOPLIST_FILE = YES;
				INFOPLIST_FILE = StayWatchBeaconiOS/Info.plist;
				INFOPLIST_KEY_NSBluetoothAlwaysUsageDescription = "Bluetoothを使用します";
				INFOPLIST_KEY_UIApplicationSceneManifest_Generation = YES;
				INFOPLIST_KEY_UIApplicationSupportsIndirectInputEvents = YES;
				INFOPLIST_KEY_UILaunchScreen_Generation = YES;
				INFOPLIST_KEY_UISupportedInterfaceOrientations_iPad = "UIInterfaceOrientationPortrait UIInterfaceOrientationPortraitUpsideDown UIInterfaceOrientationLandscapeLeft UIInterfaceOrientationLandscapeRight";
				INFOPLIST_KEY_UISupportedInterfaceOrientations_iPhone = "UIInterfaceOrientationPortrait UIInterfaceOrientationLandscapeLeft UIInterfaceOrientationLandscapeRight";
				LD_RUNPATH_SEARCH_PATHS = (
					"$(inherited)",
					"@executable_path/Frameworks",
				);
				MARKETING_VERSION = 1.0;
				PRODUCT_BUNDLE_IDENTIFIER = "tk.stay-watch-go.kajilab.StayWatchBeaconiOS";
				PRODUCT_NAME = "$(TARGET_NAME)";
				SWIFT_EMIT_LOC_STRINGS = YES;
				SWIFT_VERSION = 5.0;
				TARGETED_DEVICE_FAMILY = "1,2";
			};
			name = Debug;
		};
		AB7CF3C72A15BEE90008558A /* Release */ = {
			isa = XCBuildConfiguration;
			buildSettings = {
				ASSETCATALOG_COMPILER_APPICON_NAME = AppIcon;
				ASSETCATALOG_COMPILER_GLOBAL_ACCENT_COLOR_NAME = AccentColor;
				CODE_SIGN_STYLE = Automatic;
				CURRENT_PROJECT_VERSION = 1;
				DEVELOPMENT_ASSET_PATHS = "\"StayWatchBeaconiOS/Preview Content\"";
				DEVELOPMENT_TEAM = 4YXXUVDDGW;
				ENABLE_PREVIEWS = YES;
				GENERATE_INFOPLIST_FILE = YES;
				INFOPLIST_FILE = StayWatchBeaconiOS/Info.plist;
				INFOPLIST_KEY_NSBluetoothAlwaysUsageDescription = "Bluetoothを使用します";
				INFOPLIST_KEY_UIApplicationSceneManifest_Generation = YES;
				INFOPLIST_KEY_UIApplicationSupportsIndirectInputEvents = YES;
				INFOPLIST_KEY_UILaunchScreen_Generation = YES;
				INFOPLIST_KEY_UISupportedInterfaceOrientations_iPad = "UIInterfaceOrientationPortrait UIInterfaceOrientationPortraitUpsideDown UIInterfaceOrientationLandscapeLeft UIInterfaceOrientationLandscapeRight";
				INFOPLIST_KEY_UISupportedInterfaceOrientations_iPhone = "UIInterfaceOrientationPortrait UIInterfaceOrientationLandscapeLeft UIInterfaceOrientationLandscapeRight";
				LD_RUNPATH_SEARCH_PATHS = (
					"$(inherited)",
					"@executable_path/Frameworks",
				);
				MARKETING_VERSION = 1.0;
				PRODUCT_BUNDLE_IDENTIFIER = "tk.stay-watch-go.kajilab.StayWatchBeaconiOS";
				PRODUCT_NAME = "$(TARGET_NAME)";
				SWIFT_EMIT_LOC_STRINGS = YES;
				SWIFT_VERSION = 5.0;
				TARGETED_DEVICE_FAMILY = "1,2";
			};
			name = Release;
		};
/* End XCBuildConfiguration section */

/* Begin XCConfigurationList section */
		AB7CF3B22A15BEE80008558A /* Build configuration list for PBXProject "StayWatchBeaconiOS" */ = {
			isa = XCConfigurationList;
			buildConfigurations = (
				AB7CF3C32A15BEE90008558A /* Debug */,
				AB7CF3C42A15BEE90008558A /* Release */,
			);
			defaultConfigurationIsVisible = 0;
			defaultConfigurationName = Release;
		};
		AB7CF3C52A15BEE90008558A /* Build configuration list for PBXNativeTarget "StayWatchBeaconiOS" */ = {
			isa = XCConfigurationList;
			buildConfigurations = (
				AB7CF3C62A15BEE90008558A /* Debug */,
				AB7CF3C72A15BEE90008558A /* Release */,
			);
			defaultConfigurationIsVisible = 0;
			defaultConfigurationName = Release;
		};
/* End XCConfigurationList section */

/* Begin XCRemoteSwiftPackageReference section */
		ABAB5C412A492BD4003F0CBB /* XCRemoteSwiftPackageReference "firebase-ios-sdk" */ = {
			isa = XCRemoteSwiftPackageReference;
			repositoryURL = "https://github.com/firebase/firebase-ios-sdk";
			requirement = {
				kind = upToNextMajorVersion;
				minimumVersion = 10.0.0;
			};
		};
		ABAB5C782A492D6D003F0CBB /* XCRemoteSwiftPackageReference "GoogleSignIn-iOS" */ = {
			isa = XCRemoteSwiftPackageReference;
			repositoryURL = "https://github.com/google/GoogleSignIn-iOS";
			requirement = {
				kind = upToNextMajorVersion;
				minimumVersion = 7.0.0;
			};
		};
		ABAB5C892A4D2ECE003F0CBB /* XCRemoteSwiftPackageReference "Alamofire" */ = {
			isa = XCRemoteSwiftPackageReference;
			repositoryURL = "https://github.com/Alamofire/Alamofire";
			requirement = {
				kind = upToNextMajorVersion;
				minimumVersion = 5.0.0;
			};
		};
/* End XCRemoteSwiftPackageReference section */

/* Begin XCSwiftPackageProductDependency section */
		ABAB5C422A492BD4003F0CBB /* FirebaseAnalytics */ = {
			isa = XCSwiftPackageProductDependency;
			package = ABAB5C412A492BD4003F0CBB /* XCRemoteSwiftPackageReference "firebase-ios-sdk" */;
			productName = FirebaseAnalytics;
		};
		ABAB5C442A492BD4003F0CBB /* FirebaseAnalyticsOnDeviceConversion */ = {
			isa = XCSwiftPackageProductDependency;
			package = ABAB5C412A492BD4003F0CBB /* XCRemoteSwiftPackageReference "firebase-ios-sdk" */;
			productName = FirebaseAnalyticsOnDeviceConversion;
		};
		ABAB5C462A492BD4003F0CBB /* FirebaseAnalyticsSwift */ = {
			isa = XCSwiftPackageProductDependency;
			package = ABAB5C412A492BD4003F0CBB /* XCRemoteSwiftPackageReference "firebase-ios-sdk" */;
			productName = FirebaseAnalyticsSwift;
		};
		ABAB5C482A492BD4003F0CBB /* FirebaseAnalyticsWithoutAdIdSupport */ = {
			isa = XCSwiftPackageProductDependency;
			package = ABAB5C412A492BD4003F0CBB /* XCRemoteSwiftPackageReference "firebase-ios-sdk" */;
			productName = FirebaseAnalyticsWithoutAdIdSupport;
		};
		ABAB5C4A2A492BD4003F0CBB /* FirebaseAppCheck */ = {
			isa = XCSwiftPackageProductDependency;
			package = ABAB5C412A492BD4003F0CBB /* XCRemoteSwiftPackageReference "firebase-ios-sdk" */;
			productName = FirebaseAppCheck;
		};
		ABAB5C4C2A492BD4003F0CBB /* FirebaseAppDistribution-Beta */ = {
			isa = XCSwiftPackageProductDependency;
			package = ABAB5C412A492BD4003F0CBB /* XCRemoteSwiftPackageReference "firebase-ios-sdk" */;
			productName = "FirebaseAppDistribution-Beta";
		};
		ABAB5C4E2A492BD4003F0CBB /* FirebaseAuth */ = {
			isa = XCSwiftPackageProductDependency;
			package = ABAB5C412A492BD4003F0CBB /* XCRemoteSwiftPackageReference "firebase-ios-sdk" */;
			productName = FirebaseAuth;
		};
		ABAB5C502A492BD4003F0CBB /* FirebaseAuthCombine-Community */ = {
			isa = XCSwiftPackageProductDependency;
			package = ABAB5C412A492BD4003F0CBB /* XCRemoteSwiftPackageReference "firebase-ios-sdk" */;
			productName = "FirebaseAuthCombine-Community";
		};
		ABAB5C522A492BD4003F0CBB /* FirebaseCrashlytics */ = {
			isa = XCSwiftPackageProductDependency;
			package = ABAB5C412A492BD4003F0CBB /* XCRemoteSwiftPackageReference "firebase-ios-sdk" */;
			productName = FirebaseCrashlytics;
		};
		ABAB5C542A492BD4003F0CBB /* FirebaseDatabase */ = {
			isa = XCSwiftPackageProductDependency;
			package = ABAB5C412A492BD4003F0CBB /* XCRemoteSwiftPackageReference "firebase-ios-sdk" */;
			productName = FirebaseDatabase;
		};
		ABAB5C562A492BD4003F0CBB /* FirebaseDatabaseSwift */ = {
			isa = XCSwiftPackageProductDependency;
			package = ABAB5C412A492BD4003F0CBB /* XCRemoteSwiftPackageReference "firebase-ios-sdk" */;
			productName = FirebaseDatabaseSwift;
		};
		ABAB5C582A492BD4003F0CBB /* FirebaseDynamicLinks */ = {
			isa = XCSwiftPackageProductDependency;
			package = ABAB5C412A492BD4003F0CBB /* XCRemoteSwiftPackageReference "firebase-ios-sdk" */;
			productName = FirebaseDynamicLinks;
		};
		ABAB5C5A2A492BD4003F0CBB /* FirebaseFirestore */ = {
			isa = XCSwiftPackageProductDependency;
			package = ABAB5C412A492BD4003F0CBB /* XCRemoteSwiftPackageReference "firebase-ios-sdk" */;
			productName = FirebaseFirestore;
		};
		ABAB5C5C2A492BD4003F0CBB /* FirebaseFirestoreCombine-Community */ = {
			isa = XCSwiftPackageProductDependency;
			package = ABAB5C412A492BD4003F0CBB /* XCRemoteSwiftPackageReference "firebase-ios-sdk" */;
			productName = "FirebaseFirestoreCombine-Community";
		};
		ABAB5C5E2A492BD4003F0CBB /* FirebaseFirestoreSwift */ = {
			isa = XCSwiftPackageProductDependency;
			package = ABAB5C412A492BD4003F0CBB /* XCRemoteSwiftPackageReference "firebase-ios-sdk" */;
			productName = FirebaseFirestoreSwift;
		};
		ABAB5C602A492BD4003F0CBB /* FirebaseFunctions */ = {
			isa = XCSwiftPackageProductDependency;
			package = ABAB5C412A492BD4003F0CBB /* XCRemoteSwiftPackageReference "firebase-ios-sdk" */;
			productName = FirebaseFunctions;
		};
		ABAB5C622A492BD4003F0CBB /* FirebaseFunctionsCombine-Community */ = {
			isa = XCSwiftPackageProductDependency;
			package = ABAB5C412A492BD4003F0CBB /* XCRemoteSwiftPackageReference "firebase-ios-sdk" */;
			productName = "FirebaseFunctionsCombine-Community";
		};
		ABAB5C642A492BD4003F0CBB /* FirebaseInAppMessaging-Beta */ = {
			isa = XCSwiftPackageProductDependency;
			package = ABAB5C412A492BD4003F0CBB /* XCRemoteSwiftPackageReference "firebase-ios-sdk" */;
			productName = "FirebaseInAppMessaging-Beta";
		};
		ABAB5C662A492BD4003F0CBB /* FirebaseInAppMessagingSwift-Beta */ = {
			isa = XCSwiftPackageProductDependency;
			package = ABAB5C412A492BD4003F0CBB /* XCRemoteSwiftPackageReference "firebase-ios-sdk" */;
			productName = "FirebaseInAppMessagingSwift-Beta";
		};
		ABAB5C682A492BD4003F0CBB /* FirebaseInstallations */ = {
			isa = XCSwiftPackageProductDependency;
			package = ABAB5C412A492BD4003F0CBB /* XCRemoteSwiftPackageReference "firebase-ios-sdk" */;
			productName = FirebaseInstallations;
		};
		ABAB5C6A2A492BD4003F0CBB /* FirebaseMLModelDownloader */ = {
			isa = XCSwiftPackageProductDependency;
			package = ABAB5C412A492BD4003F0CBB /* XCRemoteSwiftPackageReference "firebase-ios-sdk" */;
			productName = FirebaseMLModelDownloader;
		};
		ABAB5C6C2A492BD4003F0CBB /* FirebaseMessaging */ = {
			isa = XCSwiftPackageProductDependency;
			package = ABAB5C412A492BD4003F0CBB /* XCRemoteSwiftPackageReference "firebase-ios-sdk" */;
			productName = FirebaseMessaging;
		};
		ABAB5C6E2A492BD4003F0CBB /* FirebasePerformance */ = {
			isa = XCSwiftPackageProductDependency;
			package = ABAB5C412A492BD4003F0CBB /* XCRemoteSwiftPackageReference "firebase-ios-sdk" */;
			productName = FirebasePerformance;
		};
		ABAB5C702A492BD4003F0CBB /* FirebaseRemoteConfig */ = {
			isa = XCSwiftPackageProductDependency;
			package = ABAB5C412A492BD4003F0CBB /* XCRemoteSwiftPackageReference "firebase-ios-sdk" */;
			productName = FirebaseRemoteConfig;
		};
		ABAB5C722A492BD4003F0CBB /* FirebaseRemoteConfigSwift */ = {
			isa = XCSwiftPackageProductDependency;
			package = ABAB5C412A492BD4003F0CBB /* XCRemoteSwiftPackageReference "firebase-ios-sdk" */;
			productName = FirebaseRemoteConfigSwift;
		};
		ABAB5C742A492BD4003F0CBB /* FirebaseStorage */ = {
			isa = XCSwiftPackageProductDependency;
			package = ABAB5C412A492BD4003F0CBB /* XCRemoteSwiftPackageReference "firebase-ios-sdk" */;
			productName = FirebaseStorage;
		};
		ABAB5C762A492BD4003F0CBB /* FirebaseStorageCombine-Community */ = {
			isa = XCSwiftPackageProductDependency;
			package = ABAB5C412A492BD4003F0CBB /* XCRemoteSwiftPackageReference "firebase-ios-sdk" */;
			productName = "FirebaseStorageCombine-Community";
		};
		ABAB5C792A492D6D003F0CBB /* GoogleSignIn */ = {
			isa = XCSwiftPackageProductDependency;
			package = ABAB5C782A492D6D003F0CBB /* XCRemoteSwiftPackageReference "GoogleSignIn-iOS" */;
			productName = GoogleSignIn;
		};
		ABAB5C7B2A492D6D003F0CBB /* GoogleSignInSwift */ = {
			isa = XCSwiftPackageProductDependency;
			package = ABAB5C782A492D6D003F0CBB /* XCRemoteSwiftPackageReference "GoogleSignIn-iOS" */;
			productName = GoogleSignInSwift;
		};
		ABAB5C8A2A4D2ECE003F0CBB /* Alamofire */ = {
			isa = XCSwiftPackageProductDependency;
			package = ABAB5C892A4D2ECE003F0CBB /* XCRemoteSwiftPackageReference "Alamofire" */;
			productName = Alamofire;
		};
/* End XCSwiftPackageProductDependency section */
	};
	rootObject = AB7CF3AF2A15BEE80008558A /* Project object */;
}
